# THIS IS AN AUTOGENERATED FILE. DO NOT EDIT THIS FILE DIRECTLY.
# yarn lockfile v1


vuetify@^1.4.0:
  version "1.4.0"
  resolved "https://registry.yarnpkg.com/vuetify/-/vuetify-1.4.0.tgz#ad5446a319cf4b090d3e14f9c3ee2ac53d545415"
  integrity sha512-Q6b5VrkGIhPTN+r/uw6P5UTYVQy0h3d4vRW5363qHTgzQfyYQk8BDlJNCTJj0Zu/z3aBq79zbyF88jbLlV9vxQ==
